
Microsoft Visual Studio Solution File, Format Version 12.00
# Visual Studio Version 16
VisualStudioVersion = 16.0.28803.352
MinimumVisualStudioVersion = 10.0.40219.1
Project("{FAE04EC0-301F-11D3-BF4B-00C04F79EFBC}") = "SalesWebMvc", "SalesWebMvc\SalesWebMvc.csproj", "{4EDA2970-2C7A-4901-8B5B-74C686C89557}"
EndProject
Global
	GlobalSection(SolutionConfigurationPlatforms) = preSolution
		Debug|Any CPU = Debug|Any CPU
		Release|Any CPU = Release|Any CPU
	EndGlobalSection
	GlobalSection(ProjectConfigurationPlatforms) = postSolution
		{4EDA2970-2C7A-4901-8B5B-74C686C89557}.Debug|Any CPU.ActiveCfg = Debug|Any CPU
		{4EDA2970-2C7A-4901-8B5B-74C686C89557}.Debug|Any CPU.Build.0 = Debug|Any CPU
		{4EDA2970-2C7A-4901-8B5B-74C686C89557}.Release|Any CPU.ActiveCfg = Release|Any CPU
		{4EDA2970-2C7A-4901-8B5B-74C686C89557}.Release|Any CPU.Build.0 = Release|Any CPU
	EndGlobalSection
	GlobalSection(SolutionProperties) = preSolution
		HideSolutionNode = FALSE
	EndGlobalSection
	GlobalSection(ExtensibilityGlobals) = postSolution
		SolutionGuid = {006C72FD-6E7A-4E1B-B407-0D97A186F857}
	EndGlobalSection
EndGlobal
